
Microsoft Visual Studio Solution File, Format Version 12.00
# Visual Studio Version 17
VisualStudioVersion = 17.5.33502.453
MinimumVisualStudioVersion = 10.0.40219.1
Project("{2150E333-8FDC-42A3-9474-1A3956D46DE8}") = "000 Application", "000 Application", "{94EF4933-6B5A-4DF8-901C-CEC7E7B67892}"
EndProject
Project("{2150E333-8FDC-42A3-9474-1A3956D46DE8}") = "001 Common", "001 Common", "{3AE14B2C-4BE7-4891-802C-D6F6EFAF3050}"
EndProject
Project("{2150E333-8FDC-42A3-9474-1A3956D46DE8}") = "002 Service", "002 Service", "{B0C489CD-3C07-4F14-96D9-DD6EB09A704D}"
EndProject
Project("{2150E333-8FDC-42A3-9474-1A3956D46DE8}") = "003 Plungins", "003 Plungins", "{B0378437-F8C4-494D-8E1D-3A398CEAFFB4}"
EndProject
Project("{9A19103F-16F7-4668-BE54-9A1E7A4F7556}") = "ProcessAutomation", "000 Application\ProcessAutomation\ProcessAutomation.csproj", "{D51E644E-DED7-4EFE-A15B-70DFD4B4CF6B}"
EndProject
Project("{2150E333-8FDC-42A3-9474-1A3956D46DE8}") = "004 3rdParty", "004 3rdParty", "{49163A24-77FC-40FB-8EB9-70F1DF9B8C4A}"
EndProject
Project("{2150E333-8FDC-42A3-9474-1A3956D46DE8}") = "005 Test", "005 Test", "{FB18324B-BB5A-4C6B-AD18-B312341631FD}"
EndProject
Project("{9A19103F-16F7-4668-BE54-9A1E7A4F7556}") = "Zoranof.UI.Wpf", "004 3rdParty\Zoranof.UI.Wpf\src\Zoranof.UI.Wpf\Zoranof.UI.Wpf.csproj", "{5239D790-33CE-45B9-A272-8D1FB15CE5D8}"
EndProject
Project("{9A19103F-16F7-4668-BE54-9A1E7A4F7556}") = "PA.Plugin.Core", "003 Plugins\PA.Plugin.Core\PA.Plugin.Core.csproj", "{9BC21CD1-76BA-4B9E-930B-EEDAA8D3D953}"
EndProject
Project("{9A19103F-16F7-4668-BE54-9A1E7A4F7556}") = "PA.Service", "002 Services\PA.Service\PA.Service.csproj", "{4810FB7E-4643-465A-B463-EFA23E67D57F}"
EndProject
Project("{9A19103F-16F7-4668-BE54-9A1E7A4F7556}") = "Pa.Plugin.ATE", "003 Plugins\Pa.Plugin.ATE\Pa.Plugin.ATE.csproj", "{E4578638-8559-4A2D-9D9F-18BBA8B1B369}"
EndProject
Project("{9A19103F-16F7-4668-BE54-9A1E7A4F7556}") = "PA.ICommon", "001 Commons\PA.ICommon\PA.ICommon.csproj", "{5D8CEC62-D0FC-4F20-8BFE-057BB99E2DA9}"
EndProject
Project("{9A19103F-16F7-4668-BE54-9A1E7A4F7556}") = "Zoranof.Workflow", "004 3rdParty\Zoranof.Workflow\Zoranof.Workflow.csproj", "{9A611A6C-AD7B-40A8-B2A9-D8924019D774}"
EndProject
Project("{9A19103F-16F7-4668-BE54-9A1E7A4F7556}") = "PA.Common", "001 Commons\PA.Common\PA.Common.csproj", "{4701D7F7-0ED9-4D6C-B95D-BB0F78D7480D}"
EndProject
Project("{FAE04EC0-301F-11D3-BF4B-00C04F79EFBC}") = "PA.Share", "001 Commons\PA.Share\PA.Share.csproj", "{AA2D3797-1C8D-4436-96C6-9D4DEE76C4AC}"
EndProject
Global
	GlobalSection(SolutionConfigurationPlatforms) = preSolution
		Debug|Any CPU = Debug|Any CPU
		Release|Any CPU = Release|Any CPU
	EndGlobalSection
	GlobalSection(ProjectConfigurationPlatforms) = postSolution
		{D51E644E-DED7-4EFE-A15B-70DFD4B4CF6B}.Debug|Any CPU.ActiveCfg = Debug|Any CPU
		{D51E644E-DED7-4EFE-A15B-70DFD4B4CF6B}.Debug|Any CPU.Build.0 = Debug|Any CPU
		{D51E644E-DED7-4EFE-A15B-70DFD4B4CF6B}.Release|Any CPU.ActiveCfg = Release|Any CPU
		{D51E644E-DED7-4EFE-A15B-70DFD4B4CF6B}.Release|Any CPU.Build.0 = Release|Any CPU
		{5239D790-33CE-45B9-A272-8D1FB15CE5D8}.Debug|Any CPU.ActiveCfg = Debug|Any CPU
		{5239D790-33CE-45B9-A272-8D1FB15CE5D8}.Debug|Any CPU.Build.0 = Debug|Any CPU
		{5239D790-33CE-45B9-A272-8D1FB15CE5D8}.Release|Any CPU.ActiveCfg = Release|Any CPU
		{5239D790-33CE-45B9-A272-8D1FB15CE5D8}.Release|Any CPU.Build.0 = Release|Any CPU
		{9BC21CD1-76BA-4B9E-930B-EEDAA8D3D953}.Debug|Any CPU.ActiveCfg = Debug|Any CPU
		{9BC21CD1-76BA-4B9E-930B-EEDAA8D3D953}.Debug|Any CPU.Build.0 = Debug|Any CPU
		{9BC21CD1-76BA-4B9E-930B-EEDAA8D3D953}.Release|Any CPU.ActiveCfg = Release|Any CPU
		{9BC21CD1-76BA-4B9E-930B-EEDAA8D3D953}.Release|Any CPU.Build.0 = Release|Any CPU
		{4810FB7E-4643-465A-B463-EFA23E67D57F}.Debug|Any CPU.ActiveCfg = Debug|Any CPU
		{4810FB7E-4643-465A-B463-EFA23E67D57F}.Debug|Any CPU.Build.0 = Debug|Any CPU
		{4810FB7E-4643-465A-B463-EFA23E67D57F}.Release|Any CPU.ActiveCfg = Release|Any CPU
		{4810FB7E-4643-465A-B463-EFA23E67D57F}.Release|Any CPU.Build.0 = Release|Any CPU
		{E4578638-8559-4A2D-9D9F-18BBA8B1B369}.Debug|Any CPU.ActiveCfg = Debug|Any CPU
		{E4578638-8559-4A2D-9D9F-18BBA8B1B369}.Debug|Any CPU.Build.0 = Debug|Any CPU
		{E4578638-8559-4A2D-9D9F-18BBA8B1B369}.Release|Any CPU.ActiveCfg = Release|Any CPU
		{E4578638-8559-4A2D-9D9F-18BBA8B1B369}.Release|Any CPU.Build.0 = Release|Any CPU
		{5D8CEC62-D0FC-4F20-8BFE-057BB99E2DA9}.Debug|Any CPU.ActiveCfg = Debug|Any CPU
		{5D8CEC62-D0FC-4F20-8BFE-057BB99E2DA9}.Debug|Any CPU.Build.0 = Debug|Any CPU
		{5D8CEC62-D0FC-4F20-8BFE-057BB99E2DA9}.Release|Any CPU.ActiveCfg = Release|Any CPU
		{5D8CEC62-D0FC-4F20-8BFE-057BB99E2DA9}.Release|Any CPU.Build.0 = Release|Any CPU
		{9A611A6C-AD7B-40A8-B2A9-D8924019D774}.Debug|Any CPU.ActiveCfg = Debug|Any CPU
		{9A611A6C-AD7B-40A8-B2A9-D8924019D774}.Debug|Any CPU.Build.0 = Debug|Any CPU
		{9A611A6C-AD7B-40A8-B2A9-D8924019D774}.Release|Any CPU.ActiveCfg = Release|Any CPU
		{9A611A6C-AD7B-40A8-B2A9-D8924019D774}.Release|Any CPU.Build.0 = Release|Any CPU
		{4701D7F7-0ED9-4D6C-B95D-BB0F78D7480D}.Debug|Any CPU.ActiveCfg = Debug|Any CPU
		{4701D7F7-0ED9-4D6C-B95D-BB0F78D7480D}.Debug|Any CPU.Build.0 = Debug|Any CPU
		{4701D7F7-0ED9-4D6C-B95D-BB0F78D7480D}.Release|Any CPU.ActiveCfg = Release|Any CPU
		{4701D7F7-0ED9-4D6C-B95D-BB0F78D7480D}.Release|Any CPU.Build.0 = Release|Any CPU
		{AA2D3797-1C8D-4436-96C6-9D4DEE76C4AC}.Debug|Any CPU.ActiveCfg = Debug|Any CPU
		{AA2D3797-1C8D-4436-96C6-9D4DEE76C4AC}.Debug|Any CPU.Build.0 = Debug|Any CPU
		{AA2D3797-1C8D-4436-96C6-9D4DEE76C4AC}.Release|Any CPU.ActiveCfg = Release|Any CPU
		{AA2D3797-1C8D-4436-96C6-9D4DEE76C4AC}.Release|Any CPU.Build.0 = Release|Any CPU
	EndGlobalSection
	GlobalSection(SolutionProperties) = preSolution
		HideSolutionNode = FALSE
	EndGlobalSection
	GlobalSection(NestedProjects) = preSolution
		{D51E644E-DED7-4EFE-A15B-70DFD4B4CF6B} = {94EF4933-6B5A-4DF8-901C-CEC7E7B67892}
		{5239D790-33CE-45B9-A272-8D1FB15CE5D8} = {49163A24-77FC-40FB-8EB9-70F1DF9B8C4A}
		{9BC21CD1-76BA-4B9E-930B-EEDAA8D3D953} = {B0378437-F8C4-494D-8E1D-3A398CEAFFB4}
		{4810FB7E-4643-465A-B463-EFA23E67D57F} = {B0C489CD-3C07-4F14-96D9-DD6EB09A704D}
		{E4578638-8559-4A2D-9D9F-18BBA8B1B369} = {B0378437-F8C4-494D-8E1D-3A398CEAFFB4}
		{5D8CEC62-D0FC-4F20-8BFE-057BB99E2DA9} = {3AE14B2C-4BE7-4891-802C-D6F6EFAF3050}
		{9A611A6C-AD7B-40A8-B2A9-D8924019D774} = {49163A24-77FC-40FB-8EB9-70F1DF9B8C4A}
		{4701D7F7-0ED9-4D6C-B95D-BB0F78D7480D} = {3AE14B2C-4BE7-4891-802C-D6F6EFAF3050}
		{AA2D3797-1C8D-4436-96C6-9D4DEE76C4AC} = {3AE14B2C-4BE7-4891-802C-D6F6EFAF3050}
	EndGlobalSection
	GlobalSection(ExtensibilityGlobals) = postSolution
		SolutionGuid = {AFA1D9F0-1A80-48CD-8C2D-6A14940A7EAF}
	EndGlobalSection
EndGlobal
